
Microsoft Visual Studio Solution File, Format Version 12.00
# Visual Studio 2013
VisualStudioVersion = 12.0.21005.1
MinimumVisualStudioVersion = 10.0.40219.1
Project("{FAE04EC0-301F-11D3-BF4B-00C04F79EFBC}") = "PTTKTT_Buoi3", "PTTKTT_Buoi3\PTTKTT_Buoi3.csproj", "{B1D4529D-F080-42F3-AE3A-F03672C6F122}"
EndProject
Global
	GlobalSection(SolutionConfigurationPlatforms) = preSolution
		Debug|Any CPU = Debug|Any CPU
		Release|Any CPU = Release|Any CPU
	EndGlobalSection
	GlobalSection(ProjectConfigurationPlatforms) = postSolution
		{B1D4529D-F080-42F3-AE3A-F03672C6F122}.Debug|Any CPU.ActiveCfg = Debug|Any CPU
		{B1D4529D-F080-42F3-AE3A-F03672C6F122}.Debug|Any CPU.Build.0 = Debug|Any CPU
		{B1D4529D-F080-42F3-AE3A-F03672C6F122}.Release|Any CPU.ActiveCfg = Release|Any CPU
		{B1D4529D-F080-42F3-AE3A-F03672C6F122}.Release|Any CPU.Build.0 = Release|Any CPU
	EndGlobalSection
	GlobalSection(SolutionProperties) = preSolution
		HideSolutionNode = FALSE
	EndGlobalSection
EndGlobal
